version: 6
environments:
  default:
    channels:
    - url: https://conda.anaconda.org/conda-forge/
    packages:
      osx-arm64:
      - conda: https://conda.anaconda.org/conda-forge/osx-arm64/ampl-asl-1.0.0-h286801f_2.conda
      - conda: https://conda.anaconda.org/conda-forge/osx-arm64/bzip2-1.0.8-h99b78c6_7.conda
      - conda: https://conda.anaconda.org/conda-forge/noarch/ca-certificates-2025.4.26-hbd8a1cb_0.conda
      - conda: https://conda.anaconda.org/conda-forge/osx-arm64/casadi-3.7.0-py312h74b190f_2.conda
      - conda: https://conda.anaconda.org/conda-forge/osx-arm64/ipopt-3.14.17-h945cc1c_2.conda
      - conda: https://conda.anaconda.org/conda-forge/osx-arm64/libblas-3.9.0-31_h10e41b3_openblas.conda
      - conda: https://conda.anaconda.org/conda-forge/osx-arm64/libblasfeo-0.1.4.2-h37ef02a_0.conda
      - conda: https://conda.anaconda.org/conda-forge/osx-arm64/libcblas-3.9.0-31_hb3479ef_openblas.conda
      - conda: https://conda.anaconda.org/conda-forge/osx-arm64/libcxx-20.1.4-ha82da77_0.conda
      - conda: https://conda.anaconda.org/conda-forge/osx-arm64/libexpat-2.7.0-h286801f_0.conda
      - conda: https://conda.anaconda.org/conda-forge/osx-arm64/libfatrop-0.0.4-h286801f_1.conda
      - conda: https://conda.anaconda.org/conda-forge/osx-arm64/libffi-3.4.6-h1da3d7d_1.conda
      - conda: https://conda.anaconda.org/conda-forge/osx-arm64/libgfortran-5.0.0-14_2_0_h6c33f7e_103.conda
      - conda: https://conda.anaconda.org/conda-forge/osx-arm64/libgfortran5-14.2.0-h6c33f7e_103.conda
      - conda: https://conda.anaconda.org/conda-forge/osx-arm64/liblapack-3.9.0-31_hc9a63f6_openblas.conda
      - conda: https://conda.anaconda.org/conda-forge/osx-arm64/liblzma-5.8.1-h39f12f2_0.conda
      - conda: https://conda.anaconda.org/conda-forge/osx-arm64/libopenblas-0.3.29-openmp_hf332438_0.conda
      - conda: https://conda.anaconda.org/conda-forge/osx-arm64/libosqp-0.6.3-h5833ebf_1.conda
      - conda: https://conda.anaconda.org/conda-forge/osx-arm64/libqdldl-0.1.7-hb7217d7_0.conda
      - conda: https://conda.anaconda.org/conda-forge/osx-arm64/libscotch-7.0.6-he56f69b_1.conda
      - conda: https://conda.anaconda.org/conda-forge/osx-arm64/libsqlite-3.49.1-h3f77e49_2.conda
      - conda: https://conda.anaconda.org/conda-forge/osx-arm64/libzlib-1.3.1-h8359307_2.conda
      - conda: https://conda.anaconda.org/conda-forge/osx-arm64/llvm-openmp-20.1.4-hdb05f8b_0.conda
      - conda: https://conda.anaconda.org/conda-forge/osx-arm64/metis-5.1.0-h15f6cfe_1007.conda
      - conda: https://conda.anaconda.org/conda-forge/osx-arm64/mumps-include-5.7.3-h8c5b6c6_10.conda
      - conda: https://conda.anaconda.org/conda-forge/osx-arm64/mumps-seq-5.7.3-h390d176_10.conda
      - conda: https://conda.anaconda.org/conda-forge/osx-arm64/ncurses-6.5-h5e97a16_3.conda
      - conda: https://conda.anaconda.org/conda-forge/osx-arm64/numpy-2.2.5-py312h7c1f314_0.conda
      - conda: https://conda.anaconda.org/conda-forge/osx-arm64/openssl-3.5.0-h81ee809_1.conda
      - conda: https://conda.anaconda.org/conda-forge/noarch/ply-3.11-pyhd8ed1ab_3.conda
      - conda: https://conda.anaconda.org/conda-forge/osx-arm64/pyomo-6.9.2-py312hd8f9ff3_0.conda
      - conda: https://conda.anaconda.org/conda-forge/osx-arm64/python-3.12.10-hc22306f_0_cpython.conda
      - conda: https://conda.anaconda.org/conda-forge/noarch/python_abi-3.12-7_cp312.conda
      - conda: https://conda.anaconda.org/conda-forge/osx-arm64/readline-8.2-h1d1bf99_2.conda
      - conda: https://conda.anaconda.org/conda-forge/noarch/setuptools-80.1.0-pyhff2d567_0.conda
      - conda: https://conda.anaconda.org/conda-forge/osx-arm64/tinyxml2-11.0.0-ha1acc90_0.conda
      - conda: https://conda.anaconda.org/conda-forge/osx-arm64/tk-8.6.13-h5083fa2_1.conda
      - conda: https://conda.anaconda.org/conda-forge/noarch/tzdata-2025b-h78e105d_0.conda
packages:
- conda: https://conda.anaconda.org/conda-forge/osx-arm64/ampl-asl-1.0.0-h286801f_2.conda
  sha256: 47a5da6cd38a32c086017a5d2ed2b67e0cc24e25268a9c4cc91ea7d8f1cb9507
  md5: bb25b8fa2b28474412dda4e1a95853b4
  depends:
  - __osx >=11.0
  - libcxx >=18
  constrains:
  - ampl-mp >=4.0.0
  arch: arm64
  platform: osx
  license: BSD-3-Clause AND SMLNJ
  size: 411989
  timestamp: 1732439500161
- conda: https://conda.anaconda.org/conda-forge/osx-arm64/bzip2-1.0.8-h99b78c6_7.conda
  sha256: adfa71f158cbd872a36394c56c3568e6034aa55c623634b37a4836bd036e6b91
  md5: fc6948412dbbbe9a4c9ddbbcfe0a79ab
  depends:
  - __osx >=11.0
  arch: arm64
  platform: osx
  license: bzip2-1.0.6
  license_family: BSD
  size: 122909
  timestamp: 1720974522888
- conda: https://conda.anaconda.org/conda-forge/noarch/ca-certificates-2025.4.26-hbd8a1cb_0.conda
  sha256: 2a70ed95ace8a3f8a29e6cd1476a943df294a7111dfb3e152e3478c4c889b7ac
  md5: 95db94f75ba080a22eb623590993167b
  depends:
  - __unix
  license: ISC
  size: 152283
  timestamp: 1745653616541
- conda: https://conda.anaconda.org/conda-forge/osx-arm64/casadi-3.7.0-py312h74b190f_2.conda
  sha256: ae008bb0cd026b64d6cbcd7726fbbbb98904bd868fca3b7d53f258f0c80c27e7
  md5: 8431af5d6849a519573d8ed6ffaa8e28
  depends:
  - __osx >=11.0
  - ipopt >=3.14.17,<3.14.18.0a0
  - libblas >=3.9.0,<4.0a0
  - libblasfeo >=0.1.4.2,<0.1.5.0a0
  - libcblas >=3.9.0,<4.0a0
  - libcxx >=18
  - libfatrop >=0.0.4,<0.0.5.0a0
  - liblapack >=3.9.0,<4.0a0
  - libosqp >=0.6.3,<0.6.4.0a0
  - numpy >=1.19,<3
  - python >=3.12,<3.13.0a0
  - python >=3.12,<3.13.0a0 *_cpython
  - python_abi 3.12.* *_cp312
  - tinyxml2 >=11.0.0,<11.1.0a0
  arch: arm64
  platform: osx
  license: LGPL-3.0-or-later
  license_family: LGPL
  size: 4681272
  timestamp: 1745474347317
- conda: https://conda.anaconda.org/conda-forge/osx-arm64/ipopt-3.14.17-h945cc1c_2.conda
  sha256: 379d9b44fc265493a8a42ca3694bb8d7538ed8c7bbaf8626dcf8d75f454317cc
  md5: e465f880544e1e6b8d904fb65e25b130
  depends:
  - __osx >=11.0
  - ampl-asl >=1.0.0,<1.0.1.0a0
  - libblas >=3.9.0,<4.0a0
  - libcxx >=18
  - liblapack >=3.9.0,<4.0a0
  - mumps-seq >=5.7.3,<5.7.4.0a0
  arch: arm64
  platform: osx
  license: EPL-1.0
  size: 727718
  timestamp: 1745419955303
- conda: https://conda.anaconda.org/conda-forge/osx-arm64/libblas-3.9.0-31_h10e41b3_openblas.conda
  build_number: 31
  sha256: 369586e7688b59b4f92c709b99d847d66d4d095425db327dd32ee5e6ab74697f
  md5: 39b053da5e7035c6592102280aa7612a
  depends:
  - libopenblas >=0.3.29,<0.3.30.0a0
  - libopenblas >=0.3.29,<1.0a0
  constrains:
  - liblapacke =3.9.0=31*_openblas
  - libcblas =3.9.0=31*_openblas
  - blas =2.131=openblas
  - mkl <2025
  - liblapack =3.9.0=31*_openblas
  arch: arm64
  platform: osx
  license: BSD-3-Clause
  license_family: BSD
  size: 17123
  timestamp: 1740088119350
- conda: https://conda.anaconda.org/conda-forge/osx-arm64/libblasfeo-0.1.4.2-h37ef02a_0.conda
  sha256: 406885b43c417025be9b2cdb541fa5a0f5426efbbf109d42ac5126efb5d3608d
  md5: db8bf9db5c73a85b195f5c973f5514bf
  depends:
  - __osx >=11.0
  arch: arm64
  platform: osx
  license: BSD-2-Clause
  license_family: BSD
  size: 509787
  timestamp: 1740067975938
- conda: https://conda.anaconda.org/conda-forge/osx-arm64/libcblas-3.9.0-31_hb3479ef_openblas.conda
  build_number: 31
  sha256: f237486cc9118d09d0f3ff8820280de34365f98ee7b7dc5ab923b04c7cbf25a5
  md5: 7353c2bf0e90834cb70545671996d871
  depends:
  - libblas 3.9.0 31_h10e41b3_openblas
  constrains:
  - liblapacke =3.9.0=31*_openblas
  - blas =2.131=openblas
  - liblapack =3.9.0=31*_openblas
  arch: arm64
  platform: osx
  license: BSD-3-Clause
  license_family: BSD
  size: 17032
  timestamp: 1740088127097
- conda: https://conda.anaconda.org/conda-forge/osx-arm64/libcxx-20.1.4-ha82da77_0.conda
  sha256: 1837e2c65f8fc8cfd8b240cfe89406d0ce83112ac63f98c9fb3c9a15b4f2d4e1
  md5: 10c809af502fcdab799082d338170994
  depends:
  - __osx >=11.0
  arch: arm64
  platform: osx
  license: Apache-2.0 WITH LLVM-exception
  license_family: Apache
  size: 565811
  timestamp: 1745991653948
- conda: https://conda.anaconda.org/conda-forge/osx-arm64/libexpat-2.7.0-h286801f_0.conda
  sha256: ee550e44765a7bbcb2a0216c063dcd53ac914a7be5386dd0554bd06e6be61840
  md5: 6934bbb74380e045741eb8637641a65b
  depends:
  - __osx >=11.0
  constrains:
  - expat 2.7.0.*
  arch: arm64
  platform: osx
  license: MIT
  license_family: MIT
  size: 65714
  timestamp: 1743431789879
- conda: https://conda.anaconda.org/conda-forge/osx-arm64/libfatrop-0.0.4-h286801f_1.conda
  sha256: ff193f966ee33546a297abe02e49b57ba2b728d4706cec9cf3898dc8ca81e3ee
  md5: 00cb2b510ea71f73263e59e8253d0720
  depends:
  - __osx >=11.0
  - libblasfeo >=0.1.4.1,<0.1.5.0a0
  - libcxx >=18
  arch: arm64
  platform: osx
  license: LGPL-3.0-or-later
  license_family: LGPL
  size: 195859
  timestamp: 1736273349013
- conda: https://conda.anaconda.org/conda-forge/osx-arm64/libffi-3.4.6-h1da3d7d_1.conda
  sha256: c6a530924a9b14e193ea9adfe92843de2a806d1b7dbfd341546ece9653129e60
  md5: c215a60c2935b517dcda8cad4705734d
  depends:
  - __osx >=11.0
  arch: arm64
  platform: osx
  license: MIT
  license_family: MIT
  size: 39839
  timestamp: 1743434670405
- conda: https://conda.anaconda.org/conda-forge/osx-arm64/libgfortran-5.0.0-14_2_0_h6c33f7e_103.conda
  sha256: 8628746a8ecd311f1c0d14bb4f527c18686251538f7164982ccbe3b772de58b5
  md5: 044a210bc1d5b8367857755665157413
  depends:
  - libgfortran5 14.2.0 h6c33f7e_103
  arch: arm64
  platform: osx
  license: GPL-3.0-only WITH GCC-exception-3.1
  license_family: GPL
  size: 156291
  timestamp: 1743863532821
- conda: https://conda.anaconda.org/conda-forge/osx-arm64/libgfortran5-14.2.0-h6c33f7e_103.conda
  sha256: 8599453990bd3a449013f5fa3d72302f1c68f0680622d419c3f751ff49f01f17
  md5: 69806c1e957069f1d515830dcc9f6cbb
  depends:
  - llvm-openmp >=8.0.0
  constrains:
  - libgfortran 5.0.0 14_2_0_*_103
  arch: arm64
  platform: osx
  license: GPL-3.0-only WITH GCC-exception-3.1
  license_family: GPL
  size: 806566
  timestamp: 1743863491726
- conda: https://conda.anaconda.org/conda-forge/osx-arm64/liblapack-3.9.0-31_hc9a63f6_openblas.conda
  build_number: 31
  sha256: fe55b9aaf82c6c0192c3d1fcc9b8e884f97492dda9a8de5dae29334b3135fab5
  md5: ff57a55a2cbce171ef5707fb463caf19
  depends:
  - libblas 3.9.0 31_h10e41b3_openblas
  constrains:
  - liblapacke =3.9.0=31*_openblas
  - libcblas =3.9.0=31*_openblas
  - blas =2.131=openblas
  arch: arm64
  platform: osx
  license: BSD-3-Clause
  license_family: BSD
  size: 17033
  timestamp: 1740088134988
- conda: https://conda.anaconda.org/conda-forge/osx-arm64/liblzma-5.8.1-h39f12f2_0.conda
  sha256: 4291dde55ebe9868491dc29716b84ac3de21b8084cbd4d05c9eea79d206b8ab7
  md5: ba24e6f25225fea3d5b6912e2ac562f8
  depends:
  - __osx >=11.0
  arch: arm64
  platform: osx
  license: 0BSD
  size: 92295
  timestamp: 1743771392206
- conda: https://conda.anaconda.org/conda-forge/osx-arm64/libopenblas-0.3.29-openmp_hf332438_0.conda
  sha256: 8989d9e01ec8c9b2d48dbb5efbe70b356fcd15990fb53b64fcb84798982c0343
  md5: 0cd1148c68f09027ee0b0f0179f77c30
  depends:
  - __osx >=11.0
  - libgfortran >=5
  - libgfortran5 >=13.2.0
  - llvm-openmp >=18.1.8
  constrains:
  - openblas >=0.3.29,<0.3.30.0a0
  arch: arm64
  platform: osx
  license: BSD-3-Clause
  license_family: BSD
  size: 4168442
  timestamp: 1739825514918
- conda: https://conda.anaconda.org/conda-forge/osx-arm64/libosqp-0.6.3-h5833ebf_1.conda
  sha256: 05740cc58df7a9c966a277331dea1987db485508c0a35d2ac9ef562f8061df06
  md5: 7b4c6d7f35e9fe945e810e213d21b942
  depends:
  - __osx >=11.0
  - libcxx >=17
  - libqdldl >=0.1.7,<0.1.8.0a0
  arch: arm64
  platform: osx
  license: Apache-2.0
  license_family: APACHE
  size: 360361
  timestamp: 1729342406705
- conda: https://conda.anaconda.org/conda-forge/osx-arm64/libqdldl-0.1.7-hb7217d7_0.conda
  sha256: 39bb718bca8ce87afdc592d857944ba39bfac54c31a1de4d669597b52bc668ea
  md5: b4df6812b4ab33c1a520287f46d91220
  depends:
  - libcxx >=14.0.6
  arch: arm64
  platform: osx
  license: Apache-2.0
  license_family: APACHE
  size: 17189
  timestamp: 1680741853527
- conda: https://conda.anaconda.org/conda-forge/osx-arm64/libscotch-7.0.6-he56f69b_1.conda
  sha256: b616a5943501e35f32699b5f29d4216a3a94bfca87b9ae30feda89a9fa5c2f7a
  md5: 291ffb6a18b7e35bf42a317cc6856348
  depends:
  - __osx >=11.0
  - bzip2 >=1.0.8,<2.0a0
  - libgfortran >=5
  - libgfortran5 >=13.2.0
  - liblzma >=5.6.3,<6.0a0
  - libzlib >=1.3.1,<2.0a0
  arch: arm64
  platform: osx
  license: CECILL-C
  size: 273604
  timestamp: 1737537249207
- conda: https://conda.anaconda.org/conda-forge/osx-arm64/libsqlite-3.49.1-h3f77e49_2.conda
  sha256: 907a95f73623c343fc14785cbfefcb7a6b4f2bcf9294fcb295c121611c3a590d
  md5: 3b1e330d775170ac46dff9a94c253bd0
  depends:
  - __osx >=11.0
  - libzlib >=1.3.1,<2.0a0
  arch: arm64
  platform: osx
  license: Unlicense
  size: 900188
  timestamp: 1742083865246
- conda: https://conda.anaconda.org/conda-forge/osx-arm64/libzlib-1.3.1-h8359307_2.conda
  sha256: ce34669eadaba351cd54910743e6a2261b67009624dbc7daeeafdef93616711b
  md5: 369964e85dc26bfe78f41399b366c435
  depends:
  - __osx >=11.0
  constrains:
  - zlib 1.3.1 *_2
  arch: arm64
  platform: osx
  license: Zlib
  license_family: Other
  size: 46438
  timestamp: 1727963202283
- conda: https://conda.anaconda.org/conda-forge/osx-arm64/llvm-openmp-20.1.4-hdb05f8b_0.conda
  sha256: b8e8547116dba85890d7b39bfad1c86ed69a6b923caed1e449c90850d271d4d5
  md5: 00cbae3f2127efef6db76bd423a09807
  depends:
  - __osx >=11.0
  constrains:
  - openmp 20.1.4|20.1.4.*
  arch: arm64
  platform: osx
  license: Apache-2.0 WITH LLVM-exception
  size: 282599
  timestamp: 1746134861758
- conda: https://conda.anaconda.org/conda-forge/osx-arm64/metis-5.1.0-h15f6cfe_1007.conda
  sha256: f54ad3e5d47a0235ba2830848fee590faad550639336fe1e2413ab16fee7ac39
  md5: 7687ec5796288536947bf616179726d8
  depends:
  - __osx >=11.0
  arch: arm64
  platform: osx
  license: Apache-2.0
  license_family: APACHE
  size: 3898314
  timestamp: 1728064659078
- conda: https://conda.anaconda.org/conda-forge/osx-arm64/mumps-include-5.7.3-h8c5b6c6_10.conda
  sha256: 9093f47e4a15fd34c90de93ebfa30c63799e2f99123420fd68653274f5574131
  md5: 077b856b81445e47942980465ca52450
  arch: arm64
  platform: osx
  license: CECILL-C
  size: 20799
  timestamp: 1745406952431
- conda: https://conda.anaconda.org/conda-forge/osx-arm64/mumps-seq-5.7.3-h390d176_10.conda
  sha256: 2afb273e8268a0960eb3934edffecfa617c941cccc762a11c86d15cb4f0e17a8
  md5: d211ba253191e04aa341a02203ed42fb
  depends:
  - mumps-include ==5.7.3 h8c5b6c6_10
  - __osx >=11.0
  - libgfortran 5.*
  - libgfortran5 >=13.3.0
  - llvm-openmp >=18.1.8
  - liblapack >=3.9.0,<4.0a0
  - libblas >=3.9.0,<4.0a0
  - metis >=5.1.0,<5.1.1.0a0
  - libscotch >=7.0.6,<7.0.7.0a0
  constrains:
  - libopenblas * *openmp*
  arch: arm64
  platform: osx
  license: CECILL-C
  size: 2675502
  timestamp: 1745406952432
- conda: https://conda.anaconda.org/conda-forge/osx-arm64/ncurses-6.5-h5e97a16_3.conda
  sha256: 2827ada40e8d9ca69a153a45f7fd14f32b2ead7045d3bbb5d10964898fe65733
  md5: 068d497125e4bf8a66bf707254fff5ae
  depends:
  - __osx >=11.0
  arch: arm64
  platform: osx
  license: X11 AND BSD-3-Clause
  size: 797030
  timestamp: 1738196177597
- conda: https://conda.anaconda.org/conda-forge/osx-arm64/numpy-2.2.5-py312h7c1f314_0.conda
  sha256: 982aed7df71ae0ca8bc396ae25d43fd9a4f2b15d18faca15d6c27e9efb3955be
  md5: 24a41dacf9d624b069d54a6e92594540
  depends:
  - __osx >=11.0
  - libblas >=3.9.0,<4.0a0
  - libcblas >=3.9.0,<4.0a0
  - libcxx >=18
  - liblapack >=3.9.0,<4.0a0
  - python >=3.12,<3.13.0a0
  - python >=3.12,<3.13.0a0 *_cpython
  - python_abi 3.12.* *_cp312
  constrains:
  - numpy-base <0a0
  arch: arm64
  platform: osx
  license: BSD-3-Clause
  license_family: BSD
  size: 6498553
  timestamp: 1745119367238
- conda: https://conda.anaconda.org/conda-forge/osx-arm64/openssl-3.5.0-h81ee809_1.conda
  sha256: 73d366c1597a10bcd5f3604b5f0734b31c23225536e03782c6a13f9be9d01bff
  md5: 5c7aef00ef60738a14e0e612cfc5bcde
  depends:
  - __osx >=11.0
  - ca-certificates
  arch: arm64
  platform: osx
  license: Apache-2.0
  license_family: Apache
  size: 3064197
  timestamp: 1746223530698
- conda: https://conda.anaconda.org/conda-forge/noarch/ply-3.11-pyhd8ed1ab_3.conda
  sha256: bae453e5cecf19cab23c2e8929c6e30f4866d996a8058be16c797ed4b935461f
  md5: fd5062942bfa1b0bd5e0d2a4397b099e
  depends:
  - python >=3.9
  license: BSD-3-Clause
  license_family: BSD
  size: 49052
  timestamp: 1733239818090
- conda: https://conda.anaconda.org/conda-forge/osx-arm64/pyomo-6.9.2-py312hd8f9ff3_0.conda
  sha256: 2bec4e5d361ab39d0b06bd026484cdd6399307d4c0e74807c2e2a2cca2c859f2
  md5: a7fc6b79deae458d5522b5103002120c
  depends:
  - __osx >=11.0
  - libcxx >=18
  - ply
  - python >=3.12,<3.13.0a0
  - python >=3.12,<3.13.0a0 *_cpython
  - python_abi 3.12.* *_cp312
  - setuptools
  arch: arm64
  platform: osx
  license: BSD-3-Clause
  license_family: BSD
  size: 7421923
  timestamp: 1744833268609
- conda: https://conda.anaconda.org/conda-forge/osx-arm64/python-3.12.10-hc22306f_0_cpython.conda
  sha256: 69aed911271e3f698182e9a911250b05bdf691148b670a23e0bea020031e298e
  md5: c88f1a7e1e7b917d9c139f03b0960fea
  depends:
  - __osx >=11.0
  - bzip2 >=1.0.8,<2.0a0
  - libexpat >=2.7.0,<3.0a0
  - libffi >=3.4.6,<3.5.0a0
  - liblzma >=5.8.1,<6.0a0
  - libsqlite >=3.49.1,<4.0a0
  - libzlib >=1.3.1,<2.0a0
  - ncurses >=6.5,<7.0a0
  - openssl >=3.5.0,<4.0a0
  - readline >=8.2,<9.0a0
  - tk >=8.6.13,<8.7.0a0
  - tzdata
  constrains:
  - python_abi 3.12.* *_cp312
  arch: arm64
  platform: osx
  license: Python-2.0
  size: 12932743
  timestamp: 1744323815320
- conda: https://conda.anaconda.org/conda-forge/noarch/python_abi-3.12-7_cp312.conda
  build_number: 7
  sha256: a1bbced35e0df66cc713105344263570e835625c28d1bdee8f748f482b2d7793
  md5: 0dfcdc155cf23812a0c9deada86fb723
  constrains:
  - python 3.12.* *_cpython
  license: BSD-3-Clause
  license_family: BSD
  size: 6971
  timestamp: 1745258861359
- conda: https://conda.anaconda.org/conda-forge/osx-arm64/readline-8.2-h1d1bf99_2.conda
  sha256: 7db04684d3904f6151eff8673270922d31da1eea7fa73254d01c437f49702e34
  md5: 63ef3f6e6d6d5c589e64f11263dc5676
  depends:
  - ncurses >=6.5,<7.0a0
  arch: arm64
  platform: osx
  license: GPL-3.0-only
  license_family: GPL
  size: 252359
  timestamp: 1740379663071
- conda: https://conda.anaconda.org/conda-forge/noarch/setuptools-80.1.0-pyhff2d567_0.conda
  sha256: 777d34ed359cedd5a5004c930077c101bb3b70e5fbb04d29da5058d75b0ba487
  md5: f6f72d0837c79eaec77661be43e8a691
  depends:
  - python >=3.9
  license: MIT
  license_family: MIT
  size: 778484
  timestamp: 1746085063737
- conda: https://conda.anaconda.org/conda-forge/osx-arm64/tinyxml2-11.0.0-ha1acc90_0.conda
  sha256: bbd9294551ff727305f8335819c24d2490d5d79e0f3d90957992c39d2146093a
  md5: 6778d917f88222e8f27af8ec5c41f277
  depends:
  - __osx >=11.0
  - libcxx >=18
  arch: arm64
  platform: osx
  license: Zlib
  size: 122269
  timestamp: 1742246179980
- conda: https://conda.anaconda.org/conda-forge/osx-arm64/tk-8.6.13-h5083fa2_1.conda
  sha256: 72457ad031b4c048e5891f3f6cb27a53cb479db68a52d965f796910e71a403a8
  md5: b50a57ba89c32b62428b71a875291c9b
  depends:
  - libzlib >=1.2.13,<2.0.0a0
  arch: arm64
  platform: osx
  license: TCL
  license_family: BSD
  size: 3145523
  timestamp: 1699202432999
- conda: https://conda.anaconda.org/conda-forge/noarch/tzdata-2025b-h78e105d_0.conda
  sha256: 5aaa366385d716557e365f0a4e9c3fca43ba196872abbbe3d56bb610d131e192
  md5: 4222072737ccff51314b5ece9c7d6f5a
  license: LicenseRef-Public-Domain
  size: 122968
  timestamp: 1742727099393
